
Microsoft Visual Studio Solution File, Format Version 12.00
# Visual Studio Version 17
VisualStudioVersion = 17.5.002.0
MinimumVisualStudioVersion = 10.0.40219.1
Project("{9A19103F-16F7-4668-BE54-9A1E7A4F7556}") = "ReservatorioDeAgua", "ReservatorioDeAgua.csproj", "{08FFAC0D-5127-4408-BD84-683F22E92CB6}"
EndProject
Global
	GlobalSection(SolutionConfigurationPlatforms) = preSolution
		Debug|Any CPU = Debug|Any CPU
		Release|Any CPU = Release|Any CPU
	EndGlobalSection
	GlobalSection(ProjectConfigurationPlatforms) = postSolution
		{08FFAC0D-5127-4408-BD84-683F22E92CB6}.Debug|Any CPU.ActiveCfg = Debug|Any CPU
		{08FFAC0D-5127-4408-BD84-683F22E92CB6}.Debug|Any CPU.Build.0 = Debug|Any CPU
		{08FFAC0D-5127-4408-BD84-683F22E92CB6}.Release|Any CPU.ActiveCfg = Release|Any CPU
		{08FFAC0D-5127-4408-BD84-683F22E92CB6}.Release|Any CPU.Build.0 = Release|Any CPU
	EndGlobalSection
	GlobalSection(SolutionProperties) = preSolution
		HideSolutionNode = FALSE
	EndGlobalSection
	GlobalSection(ExtensibilityGlobals) = postSolution
		SolutionGuid = {402D4E81-C00C-40AD-A9F5-B32959401B71}
	EndGlobalSection
EndGlobal
